
Microsoft Visual Studio Solution File, Format Version 12.00
# Visual Studio 15
VisualStudioVersion = 15.0.27004.2005
MinimumVisualStudioVersion = 10.0.40219.1
Project("{FAE04EC0-301F-11D3-BF4B-00C04F79EFBC}") = "scheduleCT1", "scheduleCT1\scheduleCT1.csproj", "{880F843A-E06B-4108-AA30-1CB956B4090E}"
	ProjectSection(ProjectDependencies) = postProject
		{D17A4D6A-4CAA-4470-8A19-F42463C021FD} = {D17A4D6A-4CAA-4470-8A19-F42463C021FD}
	EndProjectSection
EndProject
Project("{FAE04EC0-301F-11D3-BF4B-00C04F79EFBC}") = "DayView", "Dayview\DayView.csproj", "{D17A4D6A-4CAA-4470-8A19-F42463C021FD}"
EndProject
Project("{2150E333-8FDC-42A3-9474-1A3956D46DE8}") = "Solution Items", "Solution Items", "{0EAC0235-31AE-497B-859F-BA37C0DA6614}"
EndProject
Global
	GlobalSection(SolutionConfigurationPlatforms) = preSolution
		Debug|Any CPU = Debug|Any CPU
		Release|Any CPU = Release|Any CPU
	EndGlobalSection
	GlobalSection(ProjectConfigurationPlatforms) = postSolution
		{880F843A-E06B-4108-AA30-1CB956B4090E}.Debug|Any CPU.ActiveCfg = Debug|Any CPU
		{880F843A-E06B-4108-AA30-1CB956B4090E}.Debug|Any CPU.Build.0 = Debug|Any CPU
		{880F843A-E06B-4108-AA30-1CB956B4090E}.Release|Any CPU.ActiveCfg = Release|Any CPU
		{880F843A-E06B-4108-AA30-1CB956B4090E}.Release|Any CPU.Build.0 = Release|Any CPU
		{D17A4D6A-4CAA-4470-8A19-F42463C021FD}.Debug|Any CPU.ActiveCfg = Debug|Any CPU
		{D17A4D6A-4CAA-4470-8A19-F42463C021FD}.Debug|Any CPU.Build.0 = Debug|Any CPU
		{D17A4D6A-4CAA-4470-8A19-F42463C021FD}.Release|Any CPU.ActiveCfg = Release|Any CPU
		{D17A4D6A-4CAA-4470-8A19-F42463C021FD}.Release|Any CPU.Build.0 = Release|Any CPU
	EndGlobalSection
	GlobalSection(SolutionProperties) = preSolution
		HideSolutionNode = FALSE
	EndGlobalSection
	GlobalSection(ExtensibilityGlobals) = postSolution
		SolutionGuid = {3AF56162-5DB3-46FB-A425-89DFFD853DBD}
	EndGlobalSection
EndGlobal
